# This lock file was generated by conda-lock (https://github.com/conda/conda-lock). DO NOT EDIT!
#
# A "lock file" contains a concrete list of package versions (with checksums) to be installed. Unlike
# e.g. `conda env create`, the resulting environment will not change as new package versions become
# available, unless you explicitly update the lock file.
#
# Install this environment as "YOURENV" with:
#     conda-lock install -n YOURENV conda-lock.yml
# To update a single package to the latest version compatible with the version constraints in the source:
#     conda-lock lock  --lockfile conda-lock.yml --update PACKAGE
# To re-solve the entire environment, e.g. after changing a version constraint in the source file:
#     conda-lock -f environment.yml --lockfile conda-lock.yml
version: 1
metadata:
  content_hash:
    linux-64: 268151790192c694f1cf27c4f11ef3cf0df8e46ad8a903ee1826634635ce115e
  channels:
  - url: conda-forge
    used_env_vars: []
  platforms:
  - linux-64
  sources:
  - environment.yml
package:
- name: _libgcc_mutex
  version: '0.1'
  manager: conda
  platform: linux-64
  dependencies: {}
  url: https://conda.anaconda.org/conda-forge/linux-64/_libgcc_mutex-0.1-conda_forge.tar.bz2
  hash:
    md5: d7c89558ba9fa0495403155b64376d81
    sha256: fe51de6107f9edc7aa4f786a70f4a883943bc9d39b3bb7307c04c41410990726
  category: main
  optional: false
- name: _openmp_mutex
  version: '4.5'
  manager: conda
  platform: linux-64
  dependencies:
    _libgcc_mutex: '0.1'
    libgomp: '>=7.5.0'
  url: https://conda.anaconda.org/conda-forge/linux-64/_openmp_mutex-4.5-2_gnu.tar.bz2
  hash:
    md5: 73aaf86a425cc6e73fcf236a5a46396d
    sha256: fbe2c5e56a653bebb982eda4876a9178aedfc2b545f25d0ce9c4c0b508253d22
  category: main
  optional: false
- name: ca-certificates
  version: 2024.8.30
  manager: conda
  platform: linux-64
  dependencies: {}
  url: https://conda.anaconda.org/conda-forge/linux-64/ca-certificates-2024.8.30-hbcca054_0.conda
  hash:
    md5: c27d1c142233b5bc9ca570c6e2e0c244
    sha256: afee721baa6d988e27fef1832f68d6f32ac8cc99cdf6015732224c2841a09cea
  category: main
  optional: false
- name: importlib-metadata
  version: 8.5.0
  manager: conda
  platform: linux-64
  dependencies:
    python: '>=3.8'
    zipp: '>=0.5'
  url: https://conda.anaconda.org/conda-forge/noarch/importlib-metadata-8.5.0-pyha770c72_0.conda
  hash:
    md5: 54198435fce4d64d8a89af22573012a8
    sha256: 7194700ce1a5ad2621fd68e894dd8c1ceaff9a38723e6e0e5298fdef13017b1c
  category: main
  optional: false
- name: ld_impl_linux-64
  version: '2.43'
  manager: conda
  platform: linux-64
  dependencies:
    __glibc: '>=2.17,<3.0.a0'
  url: https://conda.anaconda.org/conda-forge/linux-64/ld_impl_linux-64-2.43-h712a8e2_2.conda
  hash:
    md5: 048b02e3962f066da18efe3a21b77672
    sha256: 7c91cea91b13f4314d125d1bedb9d03a29ebbd5080ccdea70260363424646dbe
  category: main
  optional: false
- name: libblas
  version: 3.9.0
  manager: conda
  platform: linux-64
  dependencies:
    libopenblas: '>=0.3.28,<1.0a0'
  url: https://conda.anaconda.org/conda-forge/linux-64/libblas-3.9.0-25_linux64_openblas.conda
  hash:
    md5: 8ea26d42ca88ec5258802715fe1ee10b
    sha256: d6d12dc437d060f838820e9e61bf73baab651f91935ac594cf10beb9ef1b4450
  category: main
  optional: false
- name: libcblas
  version: 3.9.0
  manager: conda
  platform: linux-64
  dependencies:
    libblas: 3.9.0
  url: https://conda.anaconda.org/conda-forge/linux-64/libcblas-3.9.0-25_linux64_openblas.conda
  hash:
    md5: 5dbd1b0fc0d01ec5e0e1fbe667281a11
    sha256: ab87b0477078837c91d9cda62a9faca18fba7c57cc77aa779ae24b3ac783b5dd
  category: main
  optional: false
- name: libffi
  version: 3.2.1
  manager: conda
  platform: linux-64
  dependencies:
    libgcc-ng: '>=7.3.0'
    libstdcxx-ng: '>=7.3.0'
  url: https://conda.anaconda.org/conda-forge/linux-64/libffi-3.2.1-he1b5a44_1007.tar.bz2
  hash:
    md5: 11389072d7d6036fd811c3d9460475cd
    sha256: 992246df63724484e9ee8652ce3ca0237f707961beab8b813096bbc647cf84f4
  category: main
  optional: false
- name: libgcc
  version: 14.2.0
  manager: conda
  platform: linux-64
  dependencies:
    _libgcc_mutex: '0.1'
    _openmp_mutex: '>=4.5'
  url: https://conda.anaconda.org/conda-forge/linux-64/libgcc-14.2.0-h77fa898_1.conda
  hash:
    md5: 3cb76c3f10d3bc7f1105b2fc9db984df
    sha256: 53eb8a79365e58849e7b1a068d31f4f9e718dc938d6f2c03e960345739a03569
  category: main
  optional: false
- name: libgcc-ng
  version: 14.2.0
  manager: conda
  platform: linux-64
  dependencies:
    libgcc: 14.2.0
  url: https://conda.anaconda.org/conda-forge/linux-64/libgcc-ng-14.2.0-h69a702a_1.conda
  hash:
    md5: e39480b9ca41323497b05492a63bc35b
    sha256: 3a76969c80e9af8b6e7a55090088bc41da4cffcde9e2c71b17f44d37b7cb87f7
  category: main
  optional: false
- name: libgfortran
  version: 14.2.0
  manager: conda
  platform: linux-64
  dependencies:
    libgfortran5: 14.2.0
  url: https://conda.anaconda.org/conda-forge/linux-64/libgfortran-14.2.0-h69a702a_1.conda
  hash:
    md5: f1fd30127802683586f768875127a987
    sha256: fc9e7f22a17faf74da904ebfc4d88699013d2992e55505e4aa0eb01770290977
  category: main
  optional: false
- name: libgfortran5
  version: 14.2.0
  manager: conda
  platform: linux-64
  dependencies:
    libgcc: '>=14.2.0'
  url: https://conda.anaconda.org/conda-forge/linux-64/libgfortran5-14.2.0-hd5240d6_1.conda
  hash:
    md5: 9822b874ea29af082e5d36098d25427d
    sha256: d149a37ca73611e425041f33b9d8dbed6e52ec506fe8cc1fc0ee054bddeb6d5d
  category: main
  optional: false
- name: libgomp
  version: 14.2.0
  manager: conda
  platform: linux-64
  dependencies:
    _libgcc_mutex: '0.1'
  url: https://conda.anaconda.org/conda-forge/linux-64/libgomp-14.2.0-h77fa898_1.conda
  hash:
    md5: cc3573974587f12dda90d96e3e55a702
    sha256: 1911c29975ec99b6b906904040c855772ccb265a1c79d5d75c8ceec4ed89cd63
  category: main
  optional: false
- name: libgpuarray
  version: 0.7.6
  manager: conda
  platform: linux-64
  dependencies:
    libgcc-ng: '>=9.3.0'
  url: https://conda.anaconda.org/conda-forge/linux-64/libgpuarray-0.7.6-h7f98852_1003.tar.bz2
  hash:
    md5: d0bb3d58f6bc971ec707c980e5ce26f0
    sha256: ff5204660a8e26e59c3d29bb3a4a98d8e86e633023fafe692abb8738a45948d0
  category: main
  optional: false
- name: liblapack
  version: 3.9.0
  manager: conda
  platform: linux-64
  dependencies:
    libblas: 3.9.0
  url: https://conda.anaconda.org/conda-forge/linux-64/liblapack-3.9.0-25_linux64_openblas.conda
  hash:
    md5: 4dc03a53fc69371a6158d0ed37214cd3
    sha256: 9d1ff017714edb2d84868f0f931a4a0e7c289a971062b2ac66cfc8145df7e20e
  category: main
  optional: false
- name: liblzma
  version: 5.6.3
  manager: conda
  platform: linux-64
  dependencies:
    __glibc: '>=2.17,<3.0.a0'
    libgcc: '>=13'
  url: https://conda.anaconda.org/conda-forge/linux-64/liblzma-5.6.3-hb9d3cd8_1.conda
  hash:
    md5: 2ecf2f1c7e4e21fcfe6423a51a992d84
    sha256: e6e425252f3839e2756e4af1ea2074dffd3396c161bf460629f9dfd6a65f15c6
  category: main
  optional: false
- name: liblzma-devel
  version: 5.6.3
  manager: conda
  platform: linux-64
  dependencies:
    __glibc: '>=2.17,<3.0.a0'
    libgcc: '>=13'
    liblzma: 5.6.3
  url: https://conda.anaconda.org/conda-forge/linux-64/liblzma-devel-5.6.3-hb9d3cd8_1.conda
  hash:
    md5: cc4687e1814ed459f3bd6d8e05251ab2
    sha256: ca17f037a0a7137874597866a171166677e4812a9a8a853007f0f582e3ff6d1d
  category: main
  optional: false
- name: libopenblas
  version: 0.3.28
  manager: conda
  platform: linux-64
  dependencies:
    __glibc: '>=2.17,<3.0.a0'
    libgcc: '>=14'
    libgfortran: ''
    libgfortran5: '>=14.2.0'
  url: https://conda.anaconda.org/conda-forge/linux-64/libopenblas-0.3.28-pthreads_h94d23a6_1.conda
  hash:
    md5: 62857b389e42b36b686331bec0922050
    sha256: 99ba271d8a80a1af2723f2e124ffd91d850074c0389c067e6d96d72a2dbfeabe
  category: main
  optional: false
- name: libsqlite
  version: 3.46.0
  manager: conda
  platform: linux-64
  dependencies:
    libgcc-ng: '>=12'
    libzlib: '>=1.2.13,<2.0a0'
  url: https://conda.anaconda.org/conda-forge/linux-64/libsqlite-3.46.0-hde9e2c9_0.conda
  hash:
    md5: 18aa975d2094c34aef978060ae7da7d8
    sha256: daee3f68786231dad457d0dfde3f7f1f9a7f2018adabdbb864226775101341a8
  category: main
  optional: false
- name: libstdcxx
  version: 14.2.0
  manager: conda
  platform: linux-64
  dependencies:
    libgcc: 14.2.0
  url: https://conda.anaconda.org/conda-forge/linux-64/libstdcxx-14.2.0-hc0a3c3a_1.conda
  hash:
    md5: 234a5554c53625688d51062645337328
    sha256: 4661af0eb9bdcbb5fb33e5d0023b001ad4be828fccdcc56500059d56f9869462
  category: main
  optional: false
- name: libstdcxx-ng
  version: 14.2.0
  manager: conda
  platform: linux-64
  dependencies:
    libstdcxx: 14.2.0
  url: https://conda.anaconda.org/conda-forge/linux-64/libstdcxx-ng-14.2.0-h4852527_1.conda
  hash:
    md5: 8371ac6457591af2cf6159439c1fd051
    sha256: 25bb30b827d4f6d6f0522cc0579e431695503822f144043b93c50237017fffd8
  category: main
  optional: false
- name: libzlib
  version: 1.2.13
  manager: conda
  platform: linux-64
  dependencies:
    libgcc-ng: '>=12'
  url: https://conda.anaconda.org/conda-forge/linux-64/libzlib-1.2.13-h4ab18f5_6.conda
  hash:
    md5: 27329162c0dc732bcf67a4e0cd488125
    sha256: 8ced4afed6322172182af503f21725d072a589a6eb918f8a58135c1e00d35980
  category: main
  optional: false
- name: mako
  version: 1.3.5
  manager: conda
  platform: linux-64
  dependencies:
    importlib-metadata: ''
    markupsafe: '>=0.9.2'
    python: '>=3.6'
  url: https://conda.anaconda.org/conda-forge/noarch/mako-1.3.5-pyhd8ed1ab_0.conda
  hash:
    md5: 29fddbfa0e2361636a98de4f46ead2ac
    sha256: f0b982e18e31ad373dd8f22ef5ffa0ae112fc13c573a5eb614814b4081c3ddcb
  category: main
  optional: false
- name: markupsafe
  version: 2.1.5
  manager: conda
  platform: linux-64
  dependencies:
    libgcc-ng: '>=12'
    python: '>=3.8,<3.9.0a0'
    python_abi: 3.8.*
  url: https://conda.anaconda.org/conda-forge/linux-64/markupsafe-2.1.5-py38h01eb140_0.conda
  hash:
    md5: aeeb09febb02542e020c3ba7084ead01
    sha256: 384a193d11c89463533e6fc5d94a6c67c16c598b32747a8f86f9ad227f0aed17
  category: main
  optional: false
- name: ncurses
  version: '6.5'
  manager: conda
  platform: linux-64
  dependencies:
    __glibc: '>=2.17,<3.0.a0'
    libgcc-ng: '>=12'
  url: https://conda.anaconda.org/conda-forge/linux-64/ncurses-6.5-he02047a_1.conda
  hash:
    md5: 70caf8bb6cf39a0b6b7efc885f51c0fe
    sha256: 6a1d5d8634c1a07913f1c525db6455918cbc589d745fac46d9d6e30340c8731a
  category: main
  optional: false
- name: numpy
  version: 1.24.4
  manager: conda
  platform: linux-64
  dependencies:
    libblas: '>=3.9.0,<4.0a0'
    libcblas: '>=3.9.0,<4.0a0'
    libgcc-ng: '>=12'
    liblapack: '>=3.9.0,<4.0a0'
    libstdcxx-ng: '>=12'
    python: '>=3.8,<3.9.0a0'
    python_abi: 3.8.*
  url: https://conda.anaconda.org/conda-forge/linux-64/numpy-1.24.4-py38h59b608b_0.conda
  hash:
    md5: 8c3e050afeeb2b32575bdb8955cc67b2
    sha256: 6b1fac85c497432fa5ebdd0edaa2197cc89a9fd656b2ec696c9e50e7da23663e
  category: main
  optional: false
- name: openssl
  version: 1.1.1w
  manager: conda
  platform: linux-64
  dependencies:
    ca-certificates: ''
    libgcc-ng: '>=12'
  url: https://conda.anaconda.org/conda-forge/linux-64/openssl-1.1.1w-hd590300_0.conda
  hash:
    md5: 301e70057a3bd399640bb16bbdf87995
    sha256: 4fe19885c77f0758084feb54954bd1977dfeeab7134fba0a1d9c0cfff821d6bd
  category: main
  optional: false
- name: pip
  version: 24.3.1
  manager: conda
  platform: linux-64
  dependencies:
    python: '>=3.8,<3.13.0a0'
    setuptools: ''
    wheel: ''
  url: https://conda.anaconda.org/conda-forge/noarch/pip-24.3.1-pyh8b19718_0.conda
  hash:
    md5: 5dd546fe99b44fda83963d15f84263b7
    sha256: 499313e72e20225f84c2e9690bbaf5b952c8d7e0bf34b728278538f766b81628
  category: main
  optional: false
- name: pygpu
  version: 0.7.6
  manager: conda
  platform: linux-64
  dependencies:
    libgcc-ng: '>=9.4.0'
    libgpuarray: 0.7.6
    mako: ''
    numpy: '>=1.18.5,<2.0a0'
    python: '>=3.8,<3.9.0a0'
    python_abi: 3.8.*
    six: ''
  url: https://conda.anaconda.org/conda-forge/linux-64/pygpu-0.7.6-py38h6c62de6_1003.tar.bz2
  hash:
    md5: 6021feb91b148e0338bd72c22f3a5a1b
    sha256: 5f62768f2efd7742e3cc36e9a80746588f524ad75237740ded1356aeae4fd85f
  category: main
  optional: false
- name: python
  version: 3.8.0
  manager: conda
  platform: linux-64
  dependencies:
    ld_impl_linux-64: ''
    libffi: '>=3.2.1,<3.3.0a0'
    libgcc-ng: '>=7.3.0'
    libstdcxx-ng: '>=7.3.0'
    ncurses: '>=6.1,<7.0.0a0'
    openssl: '>=1.1.1a,<1.1.2a'
    readline: '>=8.0,<9.0a0'
    sqlite: '>=3.30.1,<4.0a0'
    tk: '>=8.6.10,<8.7.0a0'
    xz: '>=5.2.4,<6.0.0a0'
    zlib: '>=1.2.11,<1.3.0a0'
  url: https://conda.anaconda.org/conda-forge/linux-64/python-3.8.0-h357f687_5.tar.bz2
  hash:
    md5: be77f8e92da490a1ada6ba5d248afd07
    sha256: fe395f66fc957dfb602a8f24fe577b1abd65462c99a111ff9f96bbc78171fb6a
  category: main
  optional: false
- name: python_abi
  version: '3.8'
  manager: conda
  platform: linux-64
  dependencies:
    python: 3.8.*
  url: https://conda.anaconda.org/conda-forge/linux-64/python_abi-3.8-2_cp38.tar.bz2
  hash:
    md5: bfbb29d517281e78ac53e48d21e6e860
    sha256: 8535eaa9225ce212f8ed437c4a7341409903a4c005ecb6d36c63af2793b59689
  category: main
  optional: false
- name: readline
  version: '8.2'
  manager: conda
  platform: linux-64
  dependencies:
    libgcc-ng: '>=12'
    ncurses: '>=6.3,<7.0a0'
  url: https://conda.anaconda.org/conda-forge/linux-64/readline-8.2-h8228510_1.conda
  hash:
    md5: 47d31b792659ce70f470b5c82fdfb7a4
    sha256: 5435cf39d039387fbdc977b0a762357ea909a7694d9528ab40f005e9208744d7
  category: main
  optional: false
- name: setuptools
  version: 75.3.0
  manager: conda
  platform: linux-64
  dependencies:
    python: '>=3.8'
  url: https://conda.anaconda.org/conda-forge/noarch/setuptools-75.3.0-pyhd8ed1ab_0.conda
  hash:
    md5: 2ce9825396daf72baabaade36cee16da
    sha256: a36d020b9f32fc3f1a6488a1c4a9c13988c6468faf6895bf30ca69521a61230e
  category: main
  optional: false
- name: six
  version: 1.16.0
  manager: conda
  platform: linux-64
  dependencies:
    python: ''
  url: https://conda.anaconda.org/conda-forge/noarch/six-1.16.0-pyh6c4a22f_0.tar.bz2
  hash:
    md5: e5f25f8dbc060e9a8d912e432202afc2
    sha256: a85c38227b446f42c5b90d9b642f2c0567880c15d72492d8da074a59c8f91dd6
  category: main
  optional: false
- name: sqlite
  version: 3.46.0
  manager: conda
  platform: linux-64
  dependencies:
    libgcc-ng: '>=12'
    libsqlite: 3.46.0
    libzlib: '>=1.2.13,<2.0a0'
    ncurses: '>=6.5,<7.0a0'
    readline: '>=8.2,<9.0a0'
  url: https://conda.anaconda.org/conda-forge/linux-64/sqlite-3.46.0-h6d4b2fc_0.conda
  hash:
    md5: 77ea8dff5cf8550cc8f5629a6af56323
    sha256: e849d576e52bf3e6fc5786f89b7d76978f2e2438587826c95570324cb572e52b
  category: main
  optional: false
- name: tk
  version: 8.6.13
  manager: conda
  platform: linux-64
  dependencies:
    libgcc-ng: '>=12'
    libzlib: '>=1.2.13,<2.0.0a0'
  url: https://conda.anaconda.org/conda-forge/linux-64/tk-8.6.13-noxft_h4845f30_101.conda
  hash:
    md5: d453b98d9c83e71da0741bb0ff4d76bc
    sha256: e0569c9caa68bf476bead1bed3d79650bb080b532c64a4af7d8ca286c08dea4e
  category: main
  optional: false
- name: wheel
  version: 0.45.1
  manager: conda
  platform: linux-64
  dependencies:
    python: '>=3.8'
  url: https://conda.anaconda.org/conda-forge/noarch/wheel-0.45.1-pyhd8ed1ab_0.conda
  hash:
    md5: bdb2f437ce62fd2f1fef9119a37a12d9
    sha256: 24f6851a336a50c53d6b50b142c1654872494a62528d57c3ff40240cbd8b13be
  category: main
  optional: false
- name: xz
  version: 5.6.3
  manager: conda
  platform: linux-64
  dependencies:
    __glibc: '>=2.17,<3.0.a0'
    libgcc: '>=13'
    liblzma: 5.6.3
    liblzma-devel: 5.6.3
    xz-gpl-tools: 5.6.3
    xz-tools: 5.6.3
  url: https://conda.anaconda.org/conda-forge/linux-64/xz-5.6.3-hbcc6ac9_1.conda
  hash:
    md5: 62aae173382a8aae284726353c6a6a24
    sha256: 9cef529dcff25222427c9d90b9fc376888a59e138794b4336bbcd3331a5eea22
  category: main
  optional: false
- name: xz-gpl-tools
  version: 5.6.3
  manager: conda
  platform: linux-64
  dependencies:
    __glibc: '>=2.17,<3.0.a0'
    libgcc: '>=13'
    liblzma: 5.6.3
  url: https://conda.anaconda.org/conda-forge/linux-64/xz-gpl-tools-5.6.3-hbcc6ac9_1.conda
  hash:
    md5: f529917bab7862aaad6867bf2ea47a99
    sha256: 4e104b7c75c2f26a96032a1c6cda51430da1dea318c74f9e3568902b2f5030e1
  category: main
  optional: false
- name: xz-tools
  version: 5.6.3
  manager: conda
  platform: linux-64
  dependencies:
    __glibc: '>=2.17,<3.0.a0'
    libgcc: '>=13'
    liblzma: 5.6.3
  url: https://conda.anaconda.org/conda-forge/linux-64/xz-tools-5.6.3-hb9d3cd8_1.conda
  hash:
    md5: de3f31a6eed01bc2b8c7dcad07ad9034
    sha256: 6e80f838096345c35e8755b827814c083dd0274594006d6f76bff71bc969c3b8
  category: main
  optional: false
- name: zipp
  version: 3.21.0
  manager: conda
  platform: linux-64
  dependencies:
    python: '>=3.8'
  url: https://conda.anaconda.org/conda-forge/noarch/zipp-3.21.0-pyhd8ed1ab_0.conda
  hash:
    md5: fee389bf8a4843bd7a2248ce11b7f188
    sha256: 232a30e4b0045c9de5e168dda0328dc0e28df9439cdecdfb97dd79c1c82c4cec
  category: main
  optional: false
- name: zlib
  version: 1.2.13
  manager: conda
  platform: linux-64
  dependencies:
    libgcc-ng: '>=12'
    libzlib: 1.2.13
  url: https://conda.anaconda.org/conda-forge/linux-64/zlib-1.2.13-h4ab18f5_6.conda
  hash:
    md5: 559d338a4234c2ad6e676f460a093e67
    sha256: 534824ea44939f3e59ca8ebb95e3ece6f50f9d2a0e69999fbc692311252ed6ac
  category: main
  optional: false
- name: antspyx
  version: 0.4.2
  manager: pip
  platform: linux-64
  dependencies:
    pandas: '*'
    numpy: '*'
    scipy: '*'
    scikit-image: '*'
    scikit-learn: '*'
    statsmodels: '*'
    webcolors: '*'
    matplotlib: '*'
    pyyaml: '*'
    chart-studio: '*'
    pillow: '*'
    nibabel: '*'
  url: https://files.pythonhosted.org/packages/0e/e4/618796a0d4800d7f6fea67773164b25021ac4aa9d1246caf4e96fb0ba541/antspyx-0.4.2-cp38-cp38-manylinux_2_17_x86_64.manylinux2014_x86_64.whl
  hash:
    sha256: 45ffeb3c88b49f5653215536bd06486a9655d5e07db4c8464b23a3ef28fddd35
  category: main
  optional: false
- name: atlasreader
  version: 0.1.2
  manager: pip
  platform: linux-64
  dependencies:
    matplotlib: '*'
    nibabel: '*'
    nilearn: '*'
    numpy: '*'
    pandas: '*'
    scipy: '*'
    scikit-image: '*'
    scikit-learn: '*'
  url: https://files.pythonhosted.org/packages/f6/b4/cfb6f5fe45a3737d4a962f79933bfde7310b16710e75df51c020e9754144/atlasreader-0.1.2.tar.gz
  hash:
    sha256: 45936ef10441abd4aadf87979f3f3d6966d8201b12bfc5d110f0505175a7e5f2
  category: main
  optional: false
- name: certifi
  version: 2024.8.30
  manager: pip
  platform: linux-64
  dependencies: {}
  url: https://files.pythonhosted.org/packages/12/90/3c9ff0512038035f59d279fddeb79f5f1eccd8859f06d6163c58798b9487/certifi-2024.8.30-py3-none-any.whl
  hash:
    sha256: 922820b53db7a7257ffbda3f597266d435245903d80737e34f8a45ff3e3230d8
  category: main
  optional: false
- name: charset-normalizer
  version: 3.4.0
  manager: pip
  platform: linux-64
  dependencies: {}
  url: https://files.pythonhosted.org/packages/32/c8/0bc558f7260db6ffca991ed7166494a7da4fda5983ee0b0bfc8ed2ac6ff9/charset_normalizer-3.4.0-cp38-cp38-manylinux_2_17_x86_64.manylinux2014_x86_64.whl
  hash:
    sha256: 6fd30dc99682dc2c603c2b315bded2799019cea829f8bf57dc6b61efde6611c8
  category: main
  optional: false
- name: chart-studio
  version: 1.1.0
  manager: pip
  platform: linux-64
  dependencies:
    plotly: '*'
    requests: '*'
    retrying: '>=1.3.3'
    six: '*'
  url: https://files.pythonhosted.org/packages/ca/ce/330794a6b6ca4b9182c38fc69dd2a9cbff60fd49421cb8648ee5fee352dc/chart_studio-1.1.0-py3-none-any.whl
  hash:
    sha256: fd183185d6e6d31c642567145c1a862f941ca9c7695aac8b2f3ebbcbcea31a7a
  category: main
  optional: false
- name: cycler
  version: 0.12.1
  manager: pip
  platform: linux-64
  dependencies: {}
  url: https://files.pythonhosted.org/packages/e7/05/c19819d5e3d95294a6f5947fb9b9629efb316b96de511b418c53d245aae6/cycler-0.12.1-py3-none-any.whl
  hash:
    sha256: 85cef7cff222d8644161529808465972e51340599459b8ac3ccbac5a854e0d30
  category: main
  optional: false
- name: fonttools
  version: 4.55.3
  manager: pip
  platform: linux-64
  dependencies: {}
  url: https://files.pythonhosted.org/packages/b5/10/8057a6c234637e290e7df88fac048108a2f8c8fc36e0da2216945b67f47b/fonttools-4.55.3-cp38-cp38-manylinux_2_17_x86_64.manylinux2014_x86_64.whl
  hash:
    sha256: cf4fe7c124aa3f4e4c1940880156e13f2f4d98170d35c749e6b4f119a872551e
  category: main
  optional: false
- name: h5py
  version: 2.10.0
  manager: pip
  platform: linux-64
  dependencies:
    numpy: '>=1.7'
    six: '*'
  url: https://files.pythonhosted.org/packages/9d/4f/46dbeea4aee767e15725950b6aac2c56c4eff9e5044886aa7ef932319476/h5py-2.10.0-cp38-cp38-manylinux1_x86_64.whl
  hash:
    sha256: d35f7a3a6cefec82bfdad2785e78359a0e6a5fbb3f605dd5623ce88082ccd681
  category: main
  optional: false
- name: idna
  version: '3.10'
  manager: pip
  platform: linux-64
  dependencies: {}
  url: https://files.pythonhosted.org/packages/76/c6/c88e154df9c4e1a2a66ccf0005a88dfb2650c1dffb6f5ce603dfbd452ce3/idna-3.10-py3-none-any.whl
  hash:
    sha256: 946d195a0d259cbba61165e88e65941f16e9b36ea6ddb97f00452bae8b1287d3
  category: main
  optional: false
- name: imageio
  version: 2.35.1
  manager: pip
  platform: linux-64
  dependencies:
    numpy: '*'
    pillow: '>=8.3.2'
  url: https://files.pythonhosted.org/packages/1e/b7/02adac4e42a691008b5cfb31db98c190e1fc348d1521b9be4429f9454ed1/imageio-2.35.1-py3-none-any.whl
  hash:
    sha256: 6eb2e5244e7a16b85c10b5c2fe0f7bf961b40fcb9f1a9fd1bd1d2c2f8fb3cd65
  category: main
  optional: false
- name: joblib
  version: 1.4.2
  manager: pip
  platform: linux-64
  dependencies: {}
  url: https://files.pythonhosted.org/packages/91/29/df4b9b42f2be0b623cbd5e2140cafcaa2bef0759a00b7b70104dcfe2fb51/joblib-1.4.2-py3-none-any.whl
  hash:
    sha256: 06d478d5674cbc267e7496a410ee875abd68e4340feff4490bcb7afb88060ae6
  category: main
  optional: false
- name: keras
  version: 2.2.4
  manager: pip
  platform: linux-64
  dependencies:
    pyyaml: '*'
    h5py: '*'
    numpy: '>=1.9.1'
    scipy: '>=0.14'
    six: '>=1.9.0'
    keras-applications: '>=1.0.6'
    keras-preprocessing: '>=1.0.5'
  url: https://files.pythonhosted.org/packages/5e/10/aa32dad071ce52b5502266b5c659451cfd6ffcbf14e6c8c4f16c0ff5aaab/Keras-2.2.4-py2.py3-none-any.whl
  hash:
    sha256: 794d0c92c6c4122f1f0fcf3a7bc2f49054c6a54ddbef8d8ffafca62795d760b6
  category: main
  optional: false
- name: keras-applications
  version: 1.0.8
  manager: pip
  platform: linux-64
  dependencies:
    numpy: '>=1.9.1'
    h5py: '*'
  url: https://files.pythonhosted.org/packages/71/e3/19762fdfc62877ae9102edf6342d71b28fbfd9dea3d2f96a882ce099b03f/Keras_Applications-1.0.8-py3-none-any.whl
  hash:
    sha256: df4323692b8c1174af821bf906f1e442e63fa7589bf0f1230a0b6bdc5a810c95
  category: main
  optional: false
- name: keras-preprocessing
  version: 1.1.2
  manager: pip
  platform: linux-64
  dependencies:
    numpy: '>=1.9.1'
    six: '>=1.9.0'
  url: https://files.pythonhosted.org/packages/79/4c/7c3275a01e12ef9368a892926ab932b33bb13d55794881e3573482b378a7/Keras_Preprocessing-1.1.2-py2.py3-none-any.whl
  hash:
    sha256: 7b82029b130ff61cc99b55f3bd27427df4838576838c5b2f65940e4fcec99a7b
  category: main
  optional: false
- name: kiwisolver
  version: 1.4.7
  manager: pip
  platform: linux-64
  dependencies: {}
  url: https://files.pythonhosted.org/packages/76/36/ae40d7a3171e06f55ac77fe5536079e7be1d8be2a8210e08975c7f9b4d54/kiwisolver-1.4.7-cp38-cp38-manylinux_2_5_x86_64.manylinux1_x86_64.whl
  hash:
    sha256: a0f64a48bb81af7450e641e3fe0b0394d7381e342805479178b3d335d60ca7cf
  category: main
  optional: false
- name: lxml
  version: 5.3.0
  manager: pip
  platform: linux-64
  dependencies: {}
  url: https://files.pythonhosted.org/packages/77/84/62d6b7d4ef7296d168d6560f98e562a0240cee723011c67df3880d4007e9/lxml-5.3.0-cp38-cp38-manylinux_2_28_x86_64.whl
  hash:
    sha256: 9e4b47ac0f5e749cfc618efdf4726269441014ae1d5583e047b452a32e221920
  category: main
  optional: false
- name: matplotlib
  version: 3.5.1
  manager: pip
  platform: linux-64
  dependencies:
    cycler: '>=0.10'
    fonttools: '>=4.22.0'
    kiwisolver: '>=1.0.1'
    numpy: '>=1.17'
    packaging: '>=20.0'
    pillow: '>=6.2.0'
    pyparsing: '>=2.2.1'
    python-dateutil: '>=2.7'
    setuptools-scm: '>=4'
  url: https://files.pythonhosted.org/packages/22/1c/d5e535b36c1de4eef4205656e76ac993c6d01b62cfdcac579edb63cd82e0/matplotlib-3.5.1-cp38-cp38-manylinux_2_5_x86_64.manylinux1_x86_64.whl
  hash:
    sha256: b71f3a7ca935fc759f2aed7cec06cfe10bc3100fadb5dbd9c435b04e557971e1
  category: main
  optional: false
- name: mo-dots
  version: 9.147.22086
  manager: pip
  platform: linux-64
  dependencies:
    mo-future: 6.2.21303
    mo-imports: 7.147.22086
  url: https://files.pythonhosted.org/packages/55/58/818f99f91c3d3fccf6b05e873bcde67d89914b3ea280566315f1e0e31d9a/mo-dots-9.147.22086.tar.gz
  hash:
    sha256: 4f881b3796d3980ac0d4cea2a45b0599b4be665994aff8a2174163ac2716756c
  category: main
  optional: false
- name: mo-future
  version: 6.2.21303
  manager: pip
  platform: linux-64
  dependencies: {}
  url: https://files.pythonhosted.org/packages/c2/c9/dd112371f8442b5caf850a7d9af367d729d72fc110df9192364486461357/mo-future-6.2.21303.tar.gz
  hash:
    sha256: 1594c1c126b4a7fabc01867ea7be181bcda2b32ac21065dae75b02c19c54b816
  category: main
  optional: false
- name: mo-imports
  version: 7.147.22086
  manager: pip
  platform: linux-64
  dependencies:
    mo-future: 6.2.21303
  url: https://files.pythonhosted.org/packages/0b/c9/c7bd598e6423a8a860d56c1b8fd7c98888dca614847b5dc2f61376d567e6/mo-imports-7.147.22086.tar.gz
  hash:
    sha256: 0c75081c3203d379382cdde6e010c88ab76434067fdb8b074680965fe5fe351c
  category: main
  optional: false
- name: networkx
  version: '3.1'
  manager: pip
  platform: linux-64
  dependencies: {}
  url: https://files.pythonhosted.org/packages/a8/05/9d4f9b78ead6b2661d6e8ea772e111fc4a9fbd866ad0c81906c11206b55e/networkx-3.1-py3-none-any.whl
  hash:
    sha256: 4f33f68cb2afcf86f28a45f43efc27a9386b535d567d2127f8f61d51dec58d36
  category: main
  optional: false
- name: nibabel
  version: 3.2.2
  manager: pip
  platform: linux-64
  dependencies:
    numpy: '>=1.14'
    packaging: '>=14.3'
  url: https://files.pythonhosted.org/packages/c3/f1/6e31b0287aed62233ec93535ac55554ec5e80c81b772b411e878c9d17179/nibabel-3.2.2-py3-none-any.whl
  hash:
    sha256: 7df7a2733461441d3aacc61f36f5e100ec533d43ed09a191293bb4ca5a4f10f6
  category: main
  optional: false
- name: nilearn
  version: 0.9.1
  manager: pip
  platform: linux-64
  dependencies:
    joblib: '>=0.15'
    lxml: '*'
    nibabel: '>=3.0.0'
    numpy: '>=1.18'
    pandas: '>=1.0'
    requests: '>=2'
    scikit-learn: '>=0.22'
    scipy: '>=1.5'
  url: https://files.pythonhosted.org/packages/78/ac/a1dd548f21226723db4e1b22ab168142f7b99c0bccd727a2de09f332f64a/nilearn-0.9.1-py3-none-any.whl
  hash:
    sha256: c4fb8e77597ae05bb1153b3ad917decf050f16ba4c70bff4330b4b052c1d93c6
  category: main
  optional: false
- name: numpy
  version: 1.21.6
  manager: pip
  platform: linux-64
  dependencies: {}
  url: https://files.pythonhosted.org/packages/d5/43/e88bb1fb7d040ae8e0e06e749341b13f57701aab11fe9d71c99af6202c5c/numpy-1.21.6-cp38-cp38-manylinux_2_12_x86_64.manylinux2010_x86_64.whl
  hash:
    sha256: 4aa48afdce4660b0076a00d80afa54e8a97cd49f457d68a4342d188a09451c1a
  category: main
  optional: false
- name: packaging
  version: '24.2'
  manager: pip
  platform: linux-64
  dependencies: {}
  url: https://files.pythonhosted.org/packages/88/ef/eb23f262cca3c0c4eb7ab1933c3b1f03d021f2c48f54763065b6f0e321be/packaging-24.2-py3-none-any.whl
  hash:
    sha256: 09abb1bccd265c01f4a3aa3f7a7db064b36514d2cba19a2f694fe6150451a759
  category: main
  optional: false
- name: pandas
  version: 1.3.5
  manager: pip
  platform: linux-64
  dependencies:
    python-dateutil: '>=2.7.3'
    pytz: '>=2017.3'
    numpy: '>=1.20.0'
  url: https://files.pythonhosted.org/packages/a2/9b/c4879904ed1706883eb0b126f1f4baa0992dfd61ad2aac7a7af82f01b256/pandas-1.3.5-cp38-cp38-manylinux_2_17_x86_64.manylinux2014_x86_64.whl
  hash:
    sha256: 8b6dbec5f3e6d5dc80dcfee250e0a2a652b3f28663492f7dab9a24416a48ac39
  category: main
  optional: false
- name: patsy
  version: 1.0.1
  manager: pip
  platform: linux-64
  dependencies:
    numpy: '>=1.4'
  url: https://files.pythonhosted.org/packages/87/2b/b50d3d08ea0fc419c183a84210571eba005328efa62b6b98bc28e9ead32a/patsy-1.0.1-py2.py3-none-any.whl
  hash:
    sha256: 751fb38f9e97e62312e921a1954b81e1bb2bcda4f5eeabaf94db251ee791509c
  category: main
  optional: false
- name: pillow
  version: 10.4.0
  manager: pip
  platform: linux-64
  dependencies: {}
  url: https://files.pythonhosted.org/packages/fb/ad/435fe29865f98a8fbdc64add8875a6e4f8c97749a93577a8919ec6f32c64/pillow-10.4.0-cp38-cp38-manylinux_2_28_x86_64.whl
  hash:
    sha256: 950be4d8ba92aca4b2bb0741285a46bfae3ca699ef913ec8416c1b78eadd64cd
  category: main
  optional: false
- name: plotly
  version: 5.24.1
  manager: pip
  platform: linux-64
  dependencies:
    tenacity: '>=6.2.0'
    packaging: '*'
  url: https://files.pythonhosted.org/packages/e5/ae/580600f441f6fc05218bd6c9d5794f4aef072a7d9093b291f1c50a9db8bc/plotly-5.24.1-py3-none-any.whl
  hash:
    sha256: f67073a1e637eb0dc3e46324d9d51e2fe76e9727c892dde64ddf1e1b51f29089
  category: main
  optional: false
- name: psutil
  version: 5.9.2
  manager: pip
  platform: linux-64
  dependencies: {}
  url: https://files.pythonhosted.org/packages/79/61/a8d6d649996494672d8a86fe8be6c81b2880ee30881709d84435f2505b47/psutil-5.9.2-cp38-cp38-manylinux_2_12_x86_64.manylinux2010_x86_64.manylinux_2_17_x86_64.manylinux2014_x86_64.whl
  hash:
    sha256: f7929a516125f62399d6e8e026129c8835f6c5a3aab88c3fff1a05ee8feb840d
  category: main
  optional: false
- name: pyparsing
  version: 3.1.4
  manager: pip
  platform: linux-64
  dependencies: {}
  url: https://files.pythonhosted.org/packages/e5/0c/0e3c05b1c87bb6a1c76d281b0f35e78d2d80ac91b5f8f524cebf77f51049/pyparsing-3.1.4-py3-none-any.whl
  hash:
    sha256: a6a7ee4235a3f944aa1fa2249307708f893fe5717dc603503c6c7969c070fb7c
  category: main
  optional: false
- name: python-dateutil
  version: 2.9.0.post0
  manager: pip
  platform: linux-64
  dependencies:
    six: '>=1.5'
  url: https://files.pythonhosted.org/packages/ec/57/56b9bcc3c9c6a792fcbaf139543cee77261f3651ca9da0c93f5c1221264b/python_dateutil-2.9.0.post0-py2.py3-none-any.whl
  hash:
    sha256: a8b2bc7bffae282281c8140a97d3aa9c14da0b136dfe83f850eea9a5f7470427
  category: main
  optional: false
- name: pytz
  version: '2024.2'
  manager: pip
  platform: linux-64
  dependencies: {}
  url: https://files.pythonhosted.org/packages/11/c3/005fcca25ce078d2cc29fd559379817424e94885510568bc1bc53d7d5846/pytz-2024.2-py2.py3-none-any.whl
  hash:
    sha256: 31c7c1817eb7fae7ca4b8c7ee50c72f93aa2dd863de768e1ef4245d426aa0725
  category: main
  optional: false
- name: pywavelets
  version: 1.4.1
  manager: pip
  platform: linux-64
  dependencies:
    numpy: '>=1.17.3'
  url: https://files.pythonhosted.org/packages/88/4b/b2b2a6f51e47c091c221bfde976a01a7e5f20e7e5e6341b2b9c4db73d2ed/PyWavelets-1.4.1-cp38-cp38-manylinux_2_17_x86_64.manylinux2014_x86_64.whl
  hash:
    sha256: 058b46434eac4c04dd89aeef6fa39e4b6496a951d78c500b6641fd5b2cc2f9f4
  category: main
  optional: false
- name: pyyaml
  version: 6.0.2
  manager: pip
  platform: linux-64
  dependencies: {}
  url: https://files.pythonhosted.org/packages/fd/7f/2c3697bba5d4aa5cc2afe81826d73dfae5f049458e44732c7a0938baa673/PyYAML-6.0.2-cp38-cp38-manylinux_2_17_x86_64.manylinux2014_x86_64.whl
  hash:
    sha256: 9056c1ecd25795207ad294bcf39f2db3d845767be0ea6e6a34d856f006006083
  category: main
  optional: false
- name: requests
  version: 2.32.3
  manager: pip
  platform: linux-64
  dependencies:
    charset-normalizer: '>=2,<4'
    idna: '>=2.5,<4'
    urllib3: '>=1.21.1,<3'
    certifi: '>=2017.4.17'
  url: https://files.pythonhosted.org/packages/f9/9b/335f9764261e915ed497fcdeb11df5dfd6f7bf257d4a6a2a686d80da4d54/requests-2.32.3-py3-none-any.whl
  hash:
    sha256: 70761cfe03c773ceb22aa2f671b4757976145175cdfca038c02654d061d6dcc6
  category: main
  optional: false
- name: retrying
  version: 1.3.4
  manager: pip
  platform: linux-64
  dependencies:
    six: '>=1.7.0'
  url: https://files.pythonhosted.org/packages/8f/04/9e36f28be4c0532c0e9207ff9dc01fb13a2b0eb036476a213b0000837d0e/retrying-1.3.4-py3-none-any.whl
  hash:
    sha256: 8cc4d43cb8e1125e0ff3344e9de678fefd85db3b750b81b2240dc0183af37b35
  category: main
  optional: false
- name: scikit-image
  version: 0.19.2
  manager: pip
  platform: linux-64
  dependencies:
    numpy: '>=1.17.0'
    scipy: '>=1.4.1'
    networkx: '>=2.2'
    pillow: '>=6.1.0,<7.1.0 || >7.1.0,<7.1.1 || >7.1.1,<8.3.0 || >8.3.0'
    imageio: '>=2.4.1'
    tifffile: '>=2019.7.26'
    pywavelets: '>=1.1.1'
    packaging: '>=20.0'
  url: https://files.pythonhosted.org/packages/fd/96/cd5eca8c528b3ebe666835e3748f07ca4daf3ed5b010cae7a76fa238b7e6/scikit_image-0.19.2-cp38-cp38-manylinux_2_17_x86_64.manylinux2014_x86_64.whl
  hash:
    sha256: cd115a4412b4561d62036e309c8cb543bfc2ca6b7b184ac23a65f6350959a716
  category: main
  optional: false
- name: scikit-learn
  version: 1.0.2
  manager: pip
  platform: linux-64
  dependencies:
    numpy: '>=1.14.6'
    scipy: '>=1.1.0'
    joblib: '>=0.11'
    threadpoolctl: '>=2.0.0'
  url: https://files.pythonhosted.org/packages/40/d3/206905d836cd496c1f78a15ef92a0f0477d74113b4f349342bf31dfd62ca/scikit_learn-1.0.2-cp38-cp38-manylinux_2_17_x86_64.manylinux2014_x86_64.whl
  hash:
    sha256: bc3744dabc56b50bec73624aeca02e0def06b03cb287de26836e730659c5d29c
  category: main
  optional: false
- name: scipy
  version: 1.7.3
  manager: pip
  platform: linux-64
  dependencies:
    numpy: '>=1.16.5,<1.23.0'
  url: https://files.pythonhosted.org/packages/f8/3d/26a75c8045181c2fab9c76936ca84318a6674707e33e42c727c1d84f1df4/scipy-1.7.3-cp38-cp38-manylinux_2_17_x86_64.manylinux2014_x86_64.whl
  hash:
    sha256: 95c2d250074cfa76715d58830579c64dff7354484b284c2b8b87e5a38321672c
  category: main
  optional: false
- name: setproctitle
  version: 1.2.3
  manager: pip
  platform: linux-64
  dependencies: {}
  url: https://files.pythonhosted.org/packages/9d/02/fdac4e58d9d10f0081a2dc9a1430daa8218387cfc86ceb6db93cd59004ca/setproctitle-1.2.3-cp38-cp38-manylinux_2_5_x86_64.manylinux1_x86_64.manylinux_2_17_x86_64.manylinux2014_x86_64.whl
  hash:
    sha256: 25538341e56f9e75e9759229ff674282dccb5b1ce79a974f968d36208d465674
  category: main
  optional: false
- name: setuptools-scm
  version: 8.1.0
  manager: pip
  platform: linux-64
  dependencies:
    packaging: '>=20'
    typing-extensions: '*'
    tomli: '>=1'
  url: https://files.pythonhosted.org/packages/a0/b9/1906bfeb30f2fc13bb39bf7ddb8749784c05faadbd18a21cf141ba37bff2/setuptools_scm-8.1.0-py3-none-any.whl
  hash:
    sha256: 897a3226a6fd4a6eb2f068745e49733261a21f70b1bb28fce0339feb978d9af3
  category: main
  optional: false
- name: statsmodels
  version: 0.14.1
  manager: pip
  platform: linux-64
  dependencies:
    numpy: '>=1.18,<2'
    scipy: '>=1.4,<1.9.2 || >1.9.2'
    pandas: '>=1.0,<2.1.0 || >2.1.0'
    patsy: '>=0.5.4'
    packaging: '>=21.3'
  url: https://files.pythonhosted.org/packages/34/1f/ab80ddc1ebebe9f7bb18da1cc7ceb96f789809a3381565092c358ff71a72/statsmodels-0.14.1-cp38-cp38-manylinux_2_17_x86_64.manylinux2014_x86_64.whl
  hash:
    sha256: a532dfe899f8b6632cd8caa0b089b403415618f51e840d1817a1e4b97e200c73
  category: main
  optional: false
- name: tabulate
  version: 0.9.0
  manager: pip
  platform: linux-64
  dependencies: {}
  url: https://files.pythonhosted.org/packages/40/44/4a5f08c96eb108af5cb50b41f76142f0afa346dfa99d5296fe7202a11854/tabulate-0.9.0-py3-none-any.whl
  hash:
    sha256: 024ca478df22e9340661486f85298cff5f6dcdba14f3813e8830015b9ed1948f
  category: main
  optional: false
- name: tenacity
  version: 9.0.0
  manager: pip
  platform: linux-64
  dependencies: {}
  url: https://files.pythonhosted.org/packages/b6/cb/b86984bed139586d01532a587464b5805f12e397594f19f931c4c2fbfa61/tenacity-9.0.0-py3-none-any.whl
  hash:
    sha256: 93de0c98785b27fcf659856aa9f54bfbd399e29969b0621bc7f762bd441b4539
  category: main
  optional: false
- name: theano
  version: 1.0.4
  manager: pip
  platform: linux-64
  dependencies:
    numpy: '>=1.9.1'
    scipy: '>=0.14'
    six: '>=1.9.0'
  url: https://files.pythonhosted.org/packages/7d/c4/6341148ad458b6cd8361b774d7ee6895c38eab88f05331f22304c484ed5d/Theano-1.0.4.tar.gz
  hash:
    sha256: 35c9bbef56b61ffa299265a42a4e8f8cb5a07b2997dabaef0f8830b397086913
  category: main
  optional: false
- name: threadpoolctl
  version: 3.5.0
  manager: pip
  platform: linux-64
  dependencies: {}
  url: https://files.pythonhosted.org/packages/4b/2c/ffbf7a134b9ab11a67b0cf0726453cedd9c5043a4fe7a35d1cefa9a1bcfb/threadpoolctl-3.5.0-py3-none-any.whl
  hash:
    sha256: 56c1e26c150397e58c4926da8eeee87533b1e32bef131bd4bf6a2f45f3185467
  category: main
  optional: false
- name: tifffile
  version: 2023.7.10
  manager: pip
  platform: linux-64
  dependencies:
    numpy: '*'
  url: https://files.pythonhosted.org/packages/06/a3/68d17088a4f09565bc7341fd20490da8191ec4cddde479daaabbe07bb603/tifffile-2023.7.10-py3-none-any.whl
  hash:
    sha256: 94dfdec321ace96abbfe872a66cfd824800c099a2db558443453eebc2c11b304
  category: main
  optional: false
- name: tomli
  version: 2.2.1
  manager: pip
  platform: linux-64
  dependencies: {}
  url: https://files.pythonhosted.org/packages/6e/c2/61d3e0f47e2b74ef40a68b9e6ad5984f6241a942f7cd3bbfbdbd03861ea9/tomli-2.2.1-py3-none-any.whl
  hash:
    sha256: cb55c73c5f4408779d0cf3eef9f762b9c9f147a77de7b258bef0a5628adc85cc
  category: main
  optional: false
- name: tqdm
  version: 4.65.0
  manager: pip
  platform: linux-64
  dependencies: {}
  url: https://files.pythonhosted.org/packages/e6/02/a2cff6306177ae6bc73bc0665065de51dfb3b9db7373e122e2735faf0d97/tqdm-4.65.0-py3-none-any.whl
  hash:
    sha256: c4f53a17fe37e132815abceec022631be8ffe1b9381c2e6e30aa70edc99e9671
  category: main
  optional: false
- name: typing-extensions
  version: 4.12.2
  manager: pip
  platform: linux-64
  dependencies: {}
  url: https://files.pythonhosted.org/packages/26/9f/ad63fc0248c5379346306f8668cda6e2e2e9c95e01216d2b8ffd9ff037d0/typing_extensions-4.12.2-py3-none-any.whl
  hash:
    sha256: 04e5ca0351e0f3f85c6853954072df659d0d13fac324d0072316b67d7794700d
  category: main
  optional: false
- name: urllib3
  version: 2.2.3
  manager: pip
  platform: linux-64
  dependencies: {}
  url: https://files.pythonhosted.org/packages/ce/d9/5f4c13cecde62396b0d3fe530a50ccea91e7dfc1ccf0e09c228841bb5ba8/urllib3-2.2.3-py3-none-any.whl
  hash:
    sha256: ca899ca043dcb1bafa3e262d73aa25c465bfb49e0bd9dd5d59f1d0acba2f8fac
  category: main
  optional: false
- name: webcolors
  version: 24.8.0
  manager: pip
  platform: linux-64
  dependencies: {}
  url: https://files.pythonhosted.org/packages/f0/33/12020ba99beaff91682b28dc0bbf0345bbc3244a4afbae7644e4fa348f23/webcolors-24.8.0-py3-none-any.whl
  hash:
    sha256: fc4c3b59358ada164552084a8ebee637c221e4059267d0f8325b3b560f6c7f0a
  category: main
  optional: false
- name: xlrd
  version: 2.0.1
  manager: pip
  platform: linux-64
  dependencies: {}
  url: https://files.pythonhosted.org/packages/a6/0c/c2a72d51fe56e08a08acc85d13013558a2d793028ae7385448a6ccdfae64/xlrd-2.0.1-py2.py3-none-any.whl
  hash:
    sha256: 6a33ee89877bd9abc1158129f6e94be74e2679636b8a205b43b85206c3f0bbdd
  category: main
  optional: false
